
Microsoft Visual Studio Solution File, Format Version 12.00
# Visual Studio Version 16
VisualStudioVersion = 16.0.31729.503
MinimumVisualStudioVersion = 10.0.40219.1
Project("{2150E333-8FDC-42A3-9474-1A3956D46DE8}") = "Infrustructure", "Infrustructure", "{B4F24B0B-B22C-44B4-ACD7-0D5D0C8D90BD}"
EndProject
Project("{FAE04EC0-301F-11D3-BF4B-00C04F79EFBC}") = "app.Infrustructure", "app.Infrustructure\app.Infrustructure.csproj", "{D992FF9C-725D-449B-A2AD-AAEC8B9F59BE}"
EndProject
Global
	GlobalSection(SolutionConfigurationPlatforms) = preSolution
		Debug|Any CPU = Debug|Any CPU
		Release|Any CPU = Release|Any CPU
	EndGlobalSection
	GlobalSection(ProjectConfigurationPlatforms) = postSolution
		{D992FF9C-725D-449B-A2AD-AAEC8B9F59BE}.Debug|Any CPU.ActiveCfg = Debug|Any CPU
		{D992FF9C-725D-449B-A2AD-AAEC8B9F59BE}.Debug|Any CPU.Build.0 = Debug|Any CPU
		{D992FF9C-725D-449B-A2AD-AAEC8B9F59BE}.Release|Any CPU.ActiveCfg = Release|Any CPU
		{D992FF9C-725D-449B-A2AD-AAEC8B9F59BE}.Release|Any CPU.Build.0 = Release|Any CPU
	EndGlobalSection
	GlobalSection(SolutionProperties) = preSolution
		HideSolutionNode = FALSE
	EndGlobalSection
	GlobalSection(NestedProjects) = preSolution
		{D992FF9C-725D-449B-A2AD-AAEC8B9F59BE} = {B4F24B0B-B22C-44B4-ACD7-0D5D0C8D90BD}
	EndGlobalSection
	GlobalSection(ExtensibilityGlobals) = postSolution
		SolutionGuid = {1FA08BDF-60DF-4D27-B545-C192274BF830}
	EndGlobalSection
EndGlobal
